label: 'Hindi Blog'
display:
  block_1:
    display_title: 'Av AV Aaya hua Blog'
    display_options:
      title: 'Av Av aaya hai'
  page_1:
    display_title: 'Employees Page view Hindi'
    display_options:
      menu:
        title: 'Hindi Blogs'
  default:
    display_options:
      title: 'Hindi Title'
    display_title: 'Hindi Blog'
